// !$*UTF8*$!
{
	archiveVersion = 1;
	classes = {
	};
	objectVersion = 50;
	objects = {

/* Begin PBXBuildFile section */
		793DD2202479184400211612 /* AppDelegate.swift in Sources */ = {isa = PBXBuildFile; fileRef = 793DD21F2479184400211612 /* AppDelegate.swift */; };
		793DD2222479184400211612 /* SceneDelegate.swift in Sources */ = {isa = PBXBuildFile; fileRef = 793DD2212479184400211612 /* SceneDelegate.swift */; };
		793DD2242479184400211612 /* MainViewController.swift in Sources */ = {isa = PBXBuildFile; fileRef = 793DD2232479184400211612 /* MainViewController.swift */; };
		793DD2272479184400211612 /* Main.storyboard in Resources */ = {isa = PBXBuildFile; fileRef = 793DD2252479184400211612 /* Main.storyboard */; };
		793DD2292479184700211612 /* Assets.xcassets in Resources */ = {isa = PBXBuildFile; fileRef = 793DD2282479184700211612 /* Assets.xcassets */; };
		793DD22C2479184700211612 /* LaunchScreen.storyboard in Resources */ = {isa = PBXBuildFile; fileRef = 793DD22A2479184700211612 /* LaunchScreen.storyboard */; };
		793DD23C24792ECC00211612 /* UserCell.swift in Sources */ = {isa = PBXBuildFile; fileRef = 793DD23A24792ECC00211612 /* UserCell.swift */; };
		793DD23D24792ECC00211612 /* UserCell.xib in Resources */ = {isa = PBXBuildFile; fileRef = 793DD23B24792ECC00211612 /* UserCell.xib */; };
		793DD23F24792EE400211612 /* UserCellViewModel.swift in Sources */ = {isa = PBXBuildFile; fileRef = 793DD23E24792EE400211612 /* UserCellViewModel.swift */; };
		793DD24124792EFA00211612 /* MainViewOutlet.swift in Sources */ = {isa = PBXBuildFile; fileRef = 793DD24024792EFA00211612 /* MainViewOutlet.swift */; };
		793DD24324792F0700211612 /* MainViewModel.swift in Sources */ = {isa = PBXBuildFile; fileRef = 793DD24224792F0700211612 /* MainViewModel.swift */; };
		793DD2452479375100211612 /* UIColor+Extension.swift in Sources */ = {isa = PBXBuildFile; fileRef = 793DD2442479375100211612 /* UIColor+Extension.swift */; };
		E2ADA305859317547A272272 /* libPods-GitHubApp.a in Frameworks */ = {isa = PBXBuildFile; fileRef = 3DB331FE2462103E67197A97 /* libPods-GitHubApp.a */; };
/* End PBXBuildFile section */

/* Begin PBXFileReference section */
		3DB331FE2462103E67197A97 /* libPods-GitHubApp.a */ = {isa = PBXFileReference; explicitFileType = archive.ar; includeInIndex = 0; path = "libPods-GitHubApp.a"; sourceTree = BUILT_PRODUCTS_DIR; };
		44B91D984771D5C57DFCDCA7 /* Pods-GitHubApp.release.xcconfig */ = {isa = PBXFileReference; includeInIndex = 1; lastKnownFileType = text.xcconfig; name = "Pods-GitHubApp.release.xcconfig"; path = "Target Support Files/Pods-GitHubApp/Pods-GitHubApp.release.xcconfig"; sourceTree = "<group>"; };
		793DD21C2479184400211612 /* GitHubApp.app */ = {isa = PBXFileReference; explicitFileType = wrapper.application; includeInIndex = 0; path = GitHubApp.app; sourceTree = BUILT_PRODUCTS_DIR; };
		793DD21F2479184400211612 /* AppDelegate.swift */ = {isa = PBXFileReference; lastKnownFileType = sourcecode.swift; path = AppDelegate.swift; sourceTree = "<group>"; };
		793DD2212479184400211612 /* SceneDelegate.swift */ = {isa = PBXFileReference; lastKnownFileType = sourcecode.swift; path = SceneDelegate.swift; sourceTree = "<group>"; };
		793DD2232479184400211612 /* MainViewController.swift */ = {isa = PBXFileReference; lastKnownFileType = sourcecode.swift; path = MainViewController.swift; sourceTree = "<group>"; };
		793DD2262479184400211612 /* Base */ = {isa = PBXFileReference; lastKnownFileType = file.storyboard; name = Base; path = Base.lproj/Main.storyboard; sourceTree = "<group>"; };
		793DD2282479184700211612 /* Assets.xcassets */ = {isa = PBXFileReference; lastKnownFileType = folder.assetcatalog; path = Assets.xcassets; sourceTree = "<group>"; };
		793DD22B2479184700211612 /* Base */ = {isa = PBXFileReference; lastKnownFileType = file.storyboard; name = Base; path = Base.lproj/LaunchScreen.storyboard; sourceTree = "<group>"; };
		793DD22D2479184700211612 /* Info.plist */ = {isa = PBXFileReference; lastKnownFileType = text.plist.xml; path = Info.plist; sourceTree = "<group>"; };
		793DD23A24792ECC00211612 /* UserCell.swift */ = {isa = PBXFileReference; lastKnownFileType = sourcecode.swift; path = UserCell.swift; sourceTree = "<group>"; };
		793DD23B24792ECC00211612 /* UserCell.xib */ = {isa = PBXFileReference; lastKnownFileType = file.xib; path = UserCell.xib; sourceTree = "<group>"; };
		793DD23E24792EE400211612 /* UserCellViewModel.swift */ = {isa = PBXFileReference; lastKnownFileType = sourcecode.swift; path = UserCellViewModel.swift; sourceTree = "<group>"; };
		793DD24024792EFA00211612 /* MainViewOutlet.swift */ = {isa = PBXFileReference; lastKnownFileType = sourcecode.swift; path = MainViewOutlet.swift; sourceTree = "<group>"; };
		793DD24224792F0700211612 /* MainViewModel.swift */ = {isa = PBXFileReference; lastKnownFileType = sourcecode.swift; path = MainViewModel.swift; sourceTree = "<group>"; };
		793DD2442479375100211612 /* UIColor+Extension.swift */ = {isa = PBXFileReference; lastKnownFileType = sourcecode.swift; path = "UIColor+Extension.swift"; sourceTree = "<group>"; };
		9F6E289F78F78E73716B4E3A /* Pods-GitHubApp.debug.xcconfig */ = {isa = PBXFileReference; includeInIndex = 1; lastKnownFileType = text.xcconfig; name = "Pods-GitHubApp.debug.xcconfig"; path = "Target Support Files/Pods-GitHubApp/Pods-GitHubApp.debug.xcconfig"; sourceTree = "<group>"; };
/* End PBXFileReference section */

/* Begin PBXFrameworksBuildPhase section */
		793DD2192479184400211612 /* Frameworks */ = {
			isa = PBXFrameworksBuildPhase;
			buildActionMask = 2147483647;
			files = (
				E2ADA305859317547A272272 /* libPods-GitHubApp.a in Frameworks */,
			);
			runOnlyForDeploymentPostprocessing = 0;
		};
/* End PBXFrameworksBuildPhase section */

/* Begin PBXGroup section */
		34B4FDEE9C1EFD5E825E8E9C /* Pods */ = {
			isa = PBXGroup;
			children = (
				9F6E289F78F78E73716B4E3A /* Pods-GitHubApp.debug.xcconfig */,
				44B91D984771D5C57DFCDCA7 /* Pods-GitHubApp.release.xcconfig */,
			);
			path = Pods;
			sourceTree = "<group>";
		};
		793DD2132479184400211612 = {
			isa = PBXGroup;
			children = (
				793DD21E2479184400211612 /* GitHubApp */,
				793DD21D2479184400211612 /* Products */,
				34B4FDEE9C1EFD5E825E8E9C /* Pods */,
				DAB5FAC56AA5A76B991E6624 /* Frameworks */,
			);
			sourceTree = "<group>";
		};
		793DD21D2479184400211612 /* Products */ = {
			isa = PBXGroup;
			children = (
				793DD21C2479184400211612 /* GitHubApp.app */,
			);
			name = Products;
			sourceTree = "<group>";
		};
		793DD21E2479184400211612 /* GitHubApp */ = {
			isa = PBXGroup;
			children = (
				793DD2362479190200211612 /* Network */,
				793DD234247918EF00211612 /* View */,
				793DD235247918F400211612 /* ViewController */,
				793DD233247918E700211612 /* ViewModel */,
				793DD2372479190E00211612 /* Extension */,
				793DD2382479198200211612 /* Support */,
			);
			path = GitHubApp;
			sourceTree = "<group>";
		};
		793DD233247918E700211612 /* ViewModel */ = {
			isa = PBXGroup;
			children = (
				793DD24224792F0700211612 /* MainViewModel.swift */,
			);
			path = ViewModel;
			sourceTree = "<group>";
		};
		793DD234247918EF00211612 /* View */ = {
			isa = PBXGroup;
			children = (
				793DD2252479184400211612 /* Main.storyboard */,
			);
			path = View;
			sourceTree = "<group>";
		};
		793DD235247918F400211612 /* ViewController */ = {
			isa = PBXGroup;
			children = (
				793DD23924792E4800211612 /* Cell */,
				793DD2232479184400211612 /* MainViewController.swift */,
				793DD24024792EFA00211612 /* MainViewOutlet.swift */,
			);
			path = ViewController;
			sourceTree = "<group>";
		};
		793DD2362479190200211612 /* Network */ = {
			isa = PBXGroup;
			children = (
			);
			path = Network;
			sourceTree = "<group>";
		};
		793DD2372479190E00211612 /* Extension */ = {
			isa = PBXGroup;
			children = (
				793DD2442479375100211612 /* UIColor+Extension.swift */,
			);
			path = Extension;
			sourceTree = "<group>";
		};
		793DD2382479198200211612 /* Support */ = {
			isa = PBXGroup;
			children = (
				793DD21F2479184400211612 /* AppDelegate.swift */,
				793DD2212479184400211612 /* SceneDelegate.swift */,
				793DD2282479184700211612 /* Assets.xcassets */,
				793DD22A2479184700211612 /* LaunchScreen.storyboard */,
				793DD22D2479184700211612 /* Info.plist */,
			);
			path = Support;
			sourceTree = "<group>";
		};
		793DD23924792E4800211612 /* Cell */ = {
			isa = PBXGroup;
			children = (
				793DD23A24792ECC00211612 /* UserCell.swift */,
				793DD23B24792ECC00211612 /* UserCell.xib */,
				793DD23E24792EE400211612 /* UserCellViewModel.swift */,
			);
			path = Cell;
			sourceTree = "<group>";
		};
		DAB5FAC56AA5A76B991E6624 /* Frameworks */ = {
			isa = PBXGroup;
			children = (
				3DB331FE2462103E67197A97 /* libPods-GitHubApp.a */,
			);
			name = Frameworks;
			sourceTree = "<group>";
		};
/* End PBXGroup section */

/* Begin PBXNativeTarget section */
		793DD21B2479184400211612 /* GitHubApp */ = {
			isa = PBXNativeTarget;
			buildConfigurationList = 793DD2302479184700211612 /* Build configuration list for PBXNativeTarget "GitHubApp" */;
			buildPhases = (
				51EA02ABB73CD3DCA49DB4D2 /* [CP] Check Pods Manifest.lock */,
				793DD2182479184400211612 /* Sources */,
				793DD2192479184400211612 /* Frameworks */,
				793DD21A2479184400211612 /* Resources */,
			);
			buildRules = (
			);
			dependencies = (
			);
			name = GitHubApp;
			productName = GitHubApp;
			productReference = 793DD21C2479184400211612 /* GitHubApp.app */;
			productType = "com.apple.product-type.application";
		};
/* End PBXNativeTarget section */

/* Begin PBXProject section */
		793DD2142479184400211612 /* Project object */ = {
			isa = PBXProject;
			attributes = {
				LastSwiftUpdateCheck = 1140;
				LastUpgradeCheck = 1140;
				ORGANIZATIONNAME = Ric.;
				TargetAttributes = {
					793DD21B2479184400211612 = {
						CreatedOnToolsVersion = 11.4.1;
					};
				};
			};
			buildConfigurationList = 793DD2172479184400211612 /* Build configuration list for PBXProject "GitHubApp" */;
			compatibilityVersion = "Xcode 9.3";
			developmentRegion = en;
			hasScannedForEncodings = 0;
			knownRegions = (
				en,
				Base,
			);
			mainGroup = 793DD2132479184400211612;
			productRefGroup = 793DD21D2479184400211612 /* Products */;
			projectDirPath = "";
			projectRoot = "";
			targets = (
				793DD21B2479184400211612 /* GitHubApp */,
			);
		};
/* End PBXProject section */

/* Begin PBXResourcesBuildPhase section */
		793DD21A2479184400211612 /* Resources */ = {
			isa = PBXResourcesBuildPhase;
			buildActionMask = 2147483647;
			files = (
				793DD23D24792ECC00211612 /* UserCell.xib in Resources */,
				793DD22C2479184700211612 /* LaunchScreen.storyboard in Resources */,
				793DD2292479184700211612 /* Assets.xcassets in Resources */,
				793DD2272479184400211612 /* Main.storyboard in Resources */,
			);
			runOnlyForDeploymentPostprocessing = 0;
		};
/* End PBXResourcesBuildPhase section */

/* Begin PBXShellScriptBuildPhase section */
		51EA02ABB73CD3DCA49DB4D2 /* [CP] Check Pods Manifest.lock */ = {
			isa = PBXShellScriptBuildPhase;
			buildActionMask = 2147483647;
			files = (
			);
			inputFileListPaths = (
			);
			inputPaths = (
				"${PODS_PODFILE_DIR_PATH}/Podfile.lock",
				"${PODS_ROOT}/Manifest.lock",
			);
			name = "[CP] Check Pods Manifest.lock";
			outputFileListPaths = (
			);
			outputPaths = (
				"$(DERIVED_FILE_DIR)/Pods-GitHubApp-checkManifestLockResult.txt",
			);
			runOnlyForDeploymentPostprocessing = 0;
			shellPath = /bin/sh;
			shellScript = "diff \"${PODS_PODFILE_DIR_PATH}/Podfile.lock\" \"${PODS_ROOT}/Manifest.lock\" > /dev/null\nif [ $? != 0 ] ; then\n    # print error to STDERR\n    echo \"error: The sandbox is not in sync with the Podfile.lock. Run 'pod install' or update your CocoaPods installation.\" >&2\n    exit 1\nfi\n# This output is used by Xcode 'outputs' to avoid re-running this script phase.\necho \"SUCCESS\" > \"${SCRIPT_OUTPUT_FILE_0}\"\n";
			showEnvVarsInLog = 0;
		};
/* End PBXShellScriptBuildPhase section */

/* Begin PBXSourcesBuildPhase section */
		793DD2182479184400211612 /* Sources */ = {
			isa = PBXSourcesBuildPhase;
			buildActionMask = 2147483647;
			files = (
				793DD24324792F0700211612 /* MainViewModel.swift in Sources */,
				793DD23C24792ECC00211612 /* UserCell.swift in Sources */,
				793DD23F24792EE400211612 /* UserCellViewModel.swift in Sources */,
				793DD2242479184400211612 /* MainViewController.swift in Sources */,
				793DD2202479184400211612 /* AppDelegate.swift in Sources */,
				793DD24124792EFA00211612 /* MainViewOutlet.swift in Sources */,
				793DD2222479184400211612 /* SceneDelegate.swift in Sources */,
				793DD2452479375100211612 /* UIColor+Extension.swift in Sources */,
			);
			runOnlyForDeploymentPostprocessing = 0;
		};
/* End PBXSourcesBuildPhase section */

/* Begin PBXVariantGroup section */
		793DD2252479184400211612 /* Main.storyboard */ = {
			isa = PBXVariantGroup;
			children = (
				793DD2262479184400211612 /* Base */,
			);
			name = Main.storyboard;
			sourceTree = "<group>";
		};
		793DD22A2479184700211612 /* LaunchScreen.storyboard */ = {
			isa = PBXVariantGroup;
			children = (
				793DD22B2479184700211612 /* Base */,
			);
			name = LaunchScreen.storyboard;
			sourceTree = "<group>";
		};
/* End PBXVariantGroup section */

/* Begin XCBuildConfiguration section */
		793DD22E2479184700211612 /* Debug */ = {
			isa = XCBuildConfiguration;
			buildSettings = {
				ALWAYS_SEARCH_USER_PATHS = NO;
				CLANG_ANALYZER_NONNULL = YES;
				CLANG_ANALYZER_NUMBER_OBJECT_CONVERSION = YES_AGGRESSIVE;
				CLANG_CXX_LANGUAGE_STANDARD = "gnu++14";
				CLANG_CXX_LIBRARY = "libc++";
				CLANG_ENABLE_MODULES = YES;
				CLANG_ENABLE_OBJC_ARC = YES;
				CLANG_ENABLE_OBJC_WEAK = YES;
				CLANG_WARN_BLOCK_CAPTURE_AUTORELEASING = YES;
				CLANG_WARN_BOOL_CONVERSION = YES;
				CLANG_WARN_COMMA = YES;
				CLANG_WARN_CONSTANT_CONVERSION = YES;
				CLANG_WARN_DEPRECATED_OBJC_IMPLEMENTATIONS = YES;
				CLANG_WARN_DIRECT_OBJC_ISA_USAGE = YES_ERROR;
				CLANG_WARN_DOCUMENTATION_COMMENTS = YES;
				CLANG_WARN_EMPTY_BODY = YES;
				CLANG_WARN_ENUM_CONVERSION = YES;
				CLANG_WARN_INFINITE_RECURSION = YES;
				CLANG_WARN_INT_CONVERSION = YES;
				CLANG_WARN_NON_LITERAL_NULL_CONVERSION = YES;
				CLANG_WARN_OBJC_IMPLICIT_RETAIN_SELF = YES;
				CLANG_WARN_OBJC_LITERAL_CONVERSION = YES;
				CLANG_WARN_OBJC_ROOT_CLASS = YES_ERROR;
				CLANG_WARN_RANGE_LOOP_ANALYSIS = YES;
				CLANG_WARN_STRICT_PROTOTYPES = YES;
				CLANG_WARN_SUSPICIOUS_MOVE = YES;
				CLANG_WARN_UNGUARDED_AVAILABILITY = YES_AGGRESSIVE;
				CLANG_WARN_UNREACHABLE_CODE = YES;
				CLANG_WARN__DUPLICATE_METHOD_MATCH = YES;
				COPY_PHASE_STRIP = NO;
				DEBUG_INFORMATION_FORMAT = dwarf;
				ENABLE_STRICT_OBJC_MSGSEND = YES;
				ENABLE_TESTABILITY = YES;
				GCC_C_LANGUAGE_STANDARD = gnu11;
				GCC_DYNAMIC_NO_PIC = NO;
				GCC_NO_COMMON_BLOCKS = YES;
				GCC_OPTIMIZATION_LEVEL = 0;
				GCC_PREPROCESSOR_DEFINITIONS = (
					"DEBUG=1",
					"$(inherited)",
				);
				GCC_WARN_64_TO_32_BIT_CONVERSION = YES;
				GCC_WARN_ABOUT_RETURN_TYPE = YES_ERROR;
				GCC_WARN_UNDECLARED_SELECTOR = YES;
				GCC_WARN_UNINITIALIZED_AUTOS = YES_AGGRESSIVE;
				GCC_WARN_UNUSED_FUNCTION = YES;
				GCC_WARN_UNUSED_VARIABLE = YES;
				IPHONEOS_DEPLOYMENT_TARGET = 13.4;
				MTL_ENABLE_DEBUG_INFO = INCLUDE_SOURCE;
				MTL_FAST_MATH = YES;
				ONLY_ACTIVE_ARCH = YES;
				SDKROOT = iphoneos;
				SWIFT_ACTIVE_COMPILATION_CONDITIONS = DEBUG;
				SWIFT_OPTIMIZATION_LEVEL = "-Onone";
			};
			name = Debug;
		};
		793DD22F2479184700211612 /* Release */ = {
			isa = XCBuildConfiguration;
			buildSettings = {
				ALWAYS_SEARCH_USER_PATHS = NO;
				CLANG_ANALYZER_NONNULL = YES;
				CLANG_ANALYZER_NUMBER_OBJECT_CONVERSION = YES_AGGRESSIVE;
				CLANG_CXX_LANGUAGE_STANDARD = "gnu++14";
				CLANG_CXX_LIBRARY = "libc++";
				CLANG_ENABLE_MODULES = YES;
				CLANG_ENABLE_OBJC_ARC = YES;
				CLANG_ENABLE_OBJC_WEAK = YES;
				CLANG_WARN_BLOCK_CAPTURE_AUTORELEASING = YES;
				CLANG_WARN_BOOL_CONVERSION = YES;
				CLANG_WARN_COMMA = YES;
				CLANG_WARN_CONSTANT_CONVERSION = YES;
				CLANG_WARN_DEPRECATED_OBJC_IMPLEMENTATIONS = YES;
				CLANG_WARN_DIRECT_OBJC_ISA_USAGE = YES_ERROR;
				CLANG_WARN_DOCUMENTATION_COMMENTS = YES;
				CLANG_WARN_EMPTY_BODY = YES;
				CLANG_WARN_ENUM_CONVERSION = YES;
				CLANG_WARN_INFINITE_RECURSION = YES;
				CLANG_WARN_INT_CONVERSION = YES;
				CLANG_WARN_NON_LITERAL_NULL_CONVERSION = YES;
				CLANG_WARN_OBJC_IMPLICIT_RETAIN_SELF = YES;
				CLANG_WARN_OBJC_LITERAL_CONVERSION = YES;
				CLANG_WARN_OBJC_ROOT_CLASS = YES_ERROR;
				CLANG_WARN_RANGE_LOOP_ANALYSIS = YES;
				CLANG_WARN_STRICT_PROTOTYPES = YES;
				CLANG_WARN_SUSPICIOUS_MOVE = YES;
				CLANG_WARN_UNGUARDED_AVAILABILITY = YES_AGGRESSIVE;
				CLANG_WARN_UNREACHABLE_CODE = YES;
				CLANG_WARN__DUPLICATE_METHOD_MATCH = YES;
				COPY_PHASE_STRIP = NO;
				DEBUG_INFORMATION_FORMAT = "dwarf-with-dsym";
				ENABLE_NS_ASSERTIONS = NO;
				ENABLE_STRICT_OBJC_MSGSEND = YES;
				GCC_C_LANGUAGE_STANDARD = gnu11;
				GCC_NO_COMMON_BLOCKS = YES;
				GCC_WARN_64_TO_32_BIT_CONVERSION = YES;
				GCC_WARN_ABOUT_RETURN_TYPE = YES_ERROR;
				GCC_WARN_UNDECLARED_SELECTOR = YES;
				GCC_WARN_UNINITIALIZED_AUTOS = YES_AGGRESSIVE;
				GCC_WARN_UNUSED_FUNCTION = YES;
				GCC_WARN_UNUSED_VARIABLE = YES;
				IPHONEOS_DEPLOYMENT_TARGET = 13.4;
				MTL_ENABLE_DEBUG_INFO = NO;
				MTL_FAST_MATH = YES;
				SDKROOT = iphoneos;
				SWIFT_COMPILATION_MODE = wholemodule;
				SWIFT_OPTIMIZATION_LEVEL = "-O";
				VALIDATE_PRODUCT = YES;
			};
			name = Release;
		};
		793DD2312479184700211612 /* Debug */ = {
			isa = XCBuildConfiguration;
			baseConfigurationReference = 9F6E289F78F78E73716B4E3A /* Pods-GitHubApp.debug.xcconfig */;
			buildSettings = {
				ASSETCATALOG_COMPILER_APPICON_NAME = AppIcon;
				CODE_SIGN_STYLE = Automatic;
				DEVELOPMENT_TEAM = LB49CV2QEM;
				INFOPLIST_FILE = GitHubApp/Support/Info.plist;
				IPHONEOS_DEPLOYMENT_TARGET = 12.0;
				LD_RUNPATH_SEARCH_PATHS = (
					"$(inherited)",
					"@executable_path/Frameworks",
				);
				PRODUCT_BUNDLE_IDENTIFIER = RichardKao.GitHubApp;
				PRODUCT_NAME = "$(TARGET_NAME)";
				SWIFT_VERSION = 5.0;
				TARGETED_DEVICE_FAMILY = "1,2";
			};
			name = Debug;
		};
		793DD2322479184700211612 /* Release */ = {
			isa = XCBuildConfiguration;
			baseConfigurationReference = 44B91D984771D5C57DFCDCA7 /* Pods-GitHubApp.release.xcconfig */;
			buildSettings = {
				ASSETCATALOG_COMPILER_APPICON_NAME = AppIcon;
				CODE_SIGN_STYLE = Automatic;
				DEVELOPMENT_TEAM = LB49CV2QEM;
				INFOPLIST_FILE = GitHubApp/Support/Info.plist;
				IPHONEOS_DEPLOYMENT_TARGET = 12.0;
				LD_RUNPATH_SEARCH_PATHS = (
					"$(inherited)",
					"@executable_path/Frameworks",
				);
				PRODUCT_BUNDLE_IDENTIFIER = RichardKao.GitHubApp;
				PRODUCT_NAME = "$(TARGET_NAME)";
				SWIFT_VERSION = 5.0;
				TARGETED_DEVICE_FAMILY = "1,2";
			};
			name = Release;
		};
/* End XCBuildConfiguration section */

/* Begin XCConfigurationList section */
		793DD2172479184400211612 /* Build configuration list for PBXProject "GitHubApp" */ = {
			isa = XCConfigurationList;
			buildConfigurations = (
				793DD22E2479184700211612 /* Debug */,
				793DD22F2479184700211612 /* Release */,
			);
			defaultConfigurationIsVisible = 0;
			defaultConfigurationName = Release;
		};
		793DD2302479184700211612 /* Build configuration list for PBXNativeTarget "GitHubApp" */ = {
			isa = XCConfigurationList;
			buildConfigurations = (
				793DD2312479184700211612 /* Debug */,
				793DD2322479184700211612 /* Release */,
			);
			defaultConfigurationIsVisible = 0;
			defaultConfigurationName = Release;
		};
/* End XCConfigurationList section */
	};
	rootObject = 793DD2142479184400211612 /* Project object */;
}
